
Microsoft Visual Studio Solution File, Format Version 12.00
# Visual Studio Version 17
VisualStudioVersion = 17.8.34525.116
MinimumVisualStudioVersion = 10.0.40219.1
Project("{FAE04EC0-301F-11D3-BF4B-00C04F79EFBC}") = "dz31_10-1", "dz31_10-1\dz31_10-1.csproj", "{AB5C4A3F-0372-44E1-A893-E2AF62C5C520}"
EndProject
Global
	GlobalSection(SolutionConfigurationPlatforms) = preSolution
		Debug|Any CPU = Debug|Any CPU
		Release|Any CPU = Release|Any CPU
	EndGlobalSection
	GlobalSection(ProjectConfigurationPlatforms) = postSolution
		{AB5C4A3F-0372-44E1-A893-E2AF62C5C520}.Debug|Any CPU.ActiveCfg = Debug|Any CPU
		{AB5C4A3F-0372-44E1-A893-E2AF62C5C520}.Debug|Any CPU.Build.0 = Debug|Any CPU
		{AB5C4A3F-0372-44E1-A893-E2AF62C5C520}.Release|Any CPU.ActiveCfg = Release|Any CPU
		{AB5C4A3F-0372-44E1-A893-E2AF62C5C520}.Release|Any CPU.Build.0 = Release|Any CPU
	EndGlobalSection
	GlobalSection(SolutionProperties) = preSolution
		HideSolutionNode = FALSE
	EndGlobalSection
	GlobalSection(ExtensibilityGlobals) = postSolution
		SolutionGuid = {3D421A0F-D202-4A4F-B09E-DCF77D678F2F}
	EndGlobalSection
EndGlobal
